<?xml version="1.0" encoding="utf-8"?>
<Project ToolsVersion="4.0" xmlns="http://schemas.microsoft.com/developer/msbuild/2003">
  <ItemGroup>
    <ClCompile Include="ComplexFormationInteraction.cpp">
      <Filter>Source Files</Filter>
    </ClCompile>
    <ClCompile Include="DephosphorylationInteraction.cpp">
      <Filter>Source Files</Filter>
    </ClCompile>
    <ClCompile Include="GridCell.cpp">
      <Filter>Source Files</Filter>
    </ClCompile>
    <ClCompile Include="InteractionsWiki.cpp">
      <Filter>Source Files</Filter>
    </ClCompile>
    <ClCompile Include="MoleculeInteractionLoader.cpp">
      <Filter>Source Files</Filter>
    </ClCompile>
    <ClCompile Include="PhosphorylationInteraction.cpp">
      <Filter>Source Files</Filter>
    </ClCompile>
    <ClCompile Include="ResourceDistributor.cpp">
      <Filter>Source Files</Filter>
    </ClCompile>
    <ClCompile Include="TranslationInteraction.cpp">
      <Filter>Source Files</Filter>
    </ClCompile>
  </ItemGroup>
  <ItemGroup>
    <ClInclude Include="ComplexFormationInteraction.h">
      <Filter>Header Files</Filter>
    </ClInclude>
    <ClInclude Include="DephosphorylationInteraction.h">
      <Filter>Header Files</Filter>
    </ClInclude>
    <ClInclude Include="GridCell.h">
      <Filter>Header Files</Filter>
    </ClInclude>
    <ClInclude Include="InteractionsWiki.h">
      <Filter>Header Files</Filter>
    </ClInclude>
    <ClInclude Include="MoleculeInteraction.h">
      <Filter>Header Files</Filter>
    </ClInclude>
    <ClInclude Include="MoleculeInteractionLoader.h">
      <Filter>Header Files</Filter>
    </ClInclude>
    <ClInclude Include="PhosphorylationInteraction.h">
      <Filter>Header Files</Filter>
    </ClInclude>
    <ClInclude Include="ResourceDistributor.h">
      <Filter>Header Files</Filter>
    </ClInclude>
    <ClInclude Include="TranslationInteraction.h">
      <Filter>Header Files</Filter>
    </ClInclude>
  </ItemGroup>
  <ItemGroup>
    <Filter Include="Header Files">
      <UniqueIdentifier>{f8903406-b1d2-465e-86fa-c56a05d53af3}</UniqueIdentifier>
    </Filter>
    <Filter Include="Source Files">
      <UniqueIdentifier>{4aee56c3-4fe1-4890-9393-ff38d1a83f7d}</UniqueIdentifier>
    </Filter>
  </ItemGroup>
</Project>