
Microsoft Visual Studio Solution File, Format Version 12.00
# Visual Studio Version 17
VisualStudioVersion = 17.12.35707.178
MinimumVisualStudioVersion = 10.0.40219.1
Project("{8BC9CEB8-8B4A-11D0-8D11-00A0C91BC942}") = "test1", "test1\test1.vcxproj", "{239F659B-1E3B-49F1-B1B7-6713D4481F50}"
EndProject
Project("{8BC9CEB8-8B4A-11D0-8D11-00A0C91BC942}") = "simulation", "simulation\simulation.vcxproj", "{627B77B9-319E-4BBD-B6A4-12C710D64840}"
EndProject
Project("{8BC9CEB8-8B4A-11D0-8D11-00A0C91BC942}") = "math", "math\math.vcxproj", "{7C9F50A8-B47C-4FB7-AF84-5822C3888B07}"
EndProject
Project("{8BC9CEB8-8B4A-11D0-8D11-00A0C91BC942}") = "log", "log\Log.vcxproj", "{E08B404E-79FE-4F0B-A796-A961900CD558}"
EndProject
Project("{8BC9CEB8-8B4A-11D0-8D11-00A0C91BC942}") = "fileUtils", "fileUtils\fileUtils.vcxproj", "{EF803333-416C-48C8-8C52-623815AF1682}"
EndProject
Project("{8BC9CEB8-8B4A-11D0-8D11-00A0C91BC942}") = "timeUtils", "timeUtils\timeUtils.vcxproj", "{524ACD5B-2A15-4B58-A2C7-621BB546865F}"
EndProject
Project("{8BC9CEB8-8B4A-11D0-8D11-00A0C91BC942}") = "worm", "worm\worm.vcxproj", "{AE833F6A-DAB0-4155-9374-D5710023A461}"
EndProject
Project("{8BC9CEB8-8B4A-11D0-8D11-00A0C91BC942}") = "csvFile", "CSVFile\CSVFile.vcxproj", "{BB747F64-D1FF-4023-A588-C03A903AF0FF}"
EndProject
Project("{8BC9CEB8-8B4A-11D0-8D11-00A0C91BC942}") = "dataCollector", "DataCollector\DataCollector.vcxproj", "{05A61EC7-4C44-4895-A25D-FF9C949DAC28}"
EndProject
Project("{8BC9CEB8-8B4A-11D0-8D11-00A0C91BC942}") = "tensionSphere", "TensionSphere\TensionSphere.vcxproj", "{7CF8FAE5-8FFB-4CE7-90BA-42B13931F4ED}"
EndProject
Project("{8BC9CEB8-8B4A-11D0-8D11-00A0C91BC942}") = "visualization", "visualization\visualization.vcxproj", "{250EF3CC-B8D1-4814-8AE1-4A5AD649AF73}"
EndProject
Project("{8BC9CEB8-8B4A-11D0-8D11-00A0C91BC942}") = "connectedMesh", "connectedMesh\connectedMesh.vcxproj", "{047F1162-DF2E-4DE4-A3DF-5A904BF4659B}"
EndProject
Project("{8BC9CEB8-8B4A-11D0-8D11-00A0C91BC942}") = "visHelpers", "visHelpers\visHelpers.vcxproj", "{16F70716-BA22-4002-95CC-1DAFEFD6C215}"
EndProject
Project("{8BC9CEB8-8B4A-11D0-8D11-00A0C91BC942}") = "molecules", "molecules\molecules.vcxproj", "{01EBD2E9-BA4F-4DA6-BD7D-6CFB05656E77}"
EndProject
Project("{8BC9CEB8-8B4A-11D0-8D11-00A0C91BC942}") = "rngSobol", "external\rngSobol\rngSobol.vcxproj", "{B6F0DD41-3BC3-4195-BE1C-D3B0676927E1}"
EndProject
Global
	GlobalSection(SolutionConfigurationPlatforms) = preSolution
		Debug|x64 = Debug|x64
		Debug|x86 = Debug|x86
		Release|x64 = Release|x64
		Release|x86 = Release|x86
	EndGlobalSection
	GlobalSection(ProjectConfigurationPlatforms) = postSolution
		{239F659B-1E3B-49F1-B1B7-6713D4481F50}.Debug|x64.ActiveCfg = Debug|x64
		{239F659B-1E3B-49F1-B1B7-6713D4481F50}.Debug|x64.Build.0 = Debug|x64
		{239F659B-1E3B-49F1-B1B7-6713D4481F50}.Debug|x86.ActiveCfg = Debug|Win32
		{239F659B-1E3B-49F1-B1B7-6713D4481F50}.Debug|x86.Build.0 = Debug|Win32
		{239F659B-1E3B-49F1-B1B7-6713D4481F50}.Release|x64.ActiveCfg = Release|x64
		{239F659B-1E3B-49F1-B1B7-6713D4481F50}.Release|x64.Build.0 = Release|x64
		{239F659B-1E3B-49F1-B1B7-6713D4481F50}.Release|x86.ActiveCfg = Release|Win32
		{239F659B-1E3B-49F1-B1B7-6713D4481F50}.Release|x86.Build.0 = Release|Win32
		{627B77B9-319E-4BBD-B6A4-12C710D64840}.Debug|x64.ActiveCfg = Debug|x64
		{627B77B9-319E-4BBD-B6A4-12C710D64840}.Debug|x64.Build.0 = Debug|x64
		{627B77B9-319E-4BBD-B6A4-12C710D64840}.Debug|x86.ActiveCfg = Debug|Win32
		{627B77B9-319E-4BBD-B6A4-12C710D64840}.Debug|x86.Build.0 = Debug|Win32
		{627B77B9-319E-4BBD-B6A4-12C710D64840}.Release|x64.ActiveCfg = Release|x64
		{627B77B9-319E-4BBD-B6A4-12C710D64840}.Release|x64.Build.0 = Release|x64
		{627B77B9-319E-4BBD-B6A4-12C710D64840}.Release|x86.ActiveCfg = Release|Win32
		{627B77B9-319E-4BBD-B6A4-12C710D64840}.Release|x86.Build.0 = Release|Win32
		{7C9F50A8-B47C-4FB7-AF84-5822C3888B07}.Debug|x64.ActiveCfg = Debug|x64
		{7C9F50A8-B47C-4FB7-AF84-5822C3888B07}.Debug|x64.Build.0 = Debug|x64
		{7C9F50A8-B47C-4FB7-AF84-5822C3888B07}.Debug|x86.ActiveCfg = Debug|Win32
		{7C9F50A8-B47C-4FB7-AF84-5822C3888B07}.Debug|x86.Build.0 = Debug|Win32
		{7C9F50A8-B47C-4FB7-AF84-5822C3888B07}.Release|x64.ActiveCfg = Release|x64
		{7C9F50A8-B47C-4FB7-AF84-5822C3888B07}.Release|x64.Build.0 = Release|x64
		{7C9F50A8-B47C-4FB7-AF84-5822C3888B07}.Release|x86.ActiveCfg = Release|Win32
		{7C9F50A8-B47C-4FB7-AF84-5822C3888B07}.Release|x86.Build.0 = Release|Win32
		{E08B404E-79FE-4F0B-A796-A961900CD558}.Debug|x64.ActiveCfg = Debug|x64
		{E08B404E-79FE-4F0B-A796-A961900CD558}.Debug|x64.Build.0 = Debug|x64
		{E08B404E-79FE-4F0B-A796-A961900CD558}.Debug|x86.ActiveCfg = Debug|Win32
		{E08B404E-79FE-4F0B-A796-A961900CD558}.Debug|x86.Build.0 = Debug|Win32
		{E08B404E-79FE-4F0B-A796-A961900CD558}.Release|x64.ActiveCfg = Release|x64
		{E08B404E-79FE-4F0B-A796-A961900CD558}.Release|x64.Build.0 = Release|x64
		{E08B404E-79FE-4F0B-A796-A961900CD558}.Release|x86.ActiveCfg = Release|Win32
		{E08B404E-79FE-4F0B-A796-A961900CD558}.Release|x86.Build.0 = Release|Win32
		{EF803333-416C-48C8-8C52-623815AF1682}.Debug|x64.ActiveCfg = Debug|x64
		{EF803333-416C-48C8-8C52-623815AF1682}.Debug|x64.Build.0 = Debug|x64
		{EF803333-416C-48C8-8C52-623815AF1682}.Debug|x86.ActiveCfg = Debug|Win32
		{EF803333-416C-48C8-8C52-623815AF1682}.Debug|x86.Build.0 = Debug|Win32
		{EF803333-416C-48C8-8C52-623815AF1682}.Release|x64.ActiveCfg = Release|x64
		{EF803333-416C-48C8-8C52-623815AF1682}.Release|x64.Build.0 = Release|x64
		{EF803333-416C-48C8-8C52-623815AF1682}.Release|x86.ActiveCfg = Release|Win32
		{EF803333-416C-48C8-8C52-623815AF1682}.Release|x86.Build.0 = Release|Win32
		{524ACD5B-2A15-4B58-A2C7-621BB546865F}.Debug|x64.ActiveCfg = Debug|x64
		{524ACD5B-2A15-4B58-A2C7-621BB546865F}.Debug|x64.Build.0 = Debug|x64
		{524ACD5B-2A15-4B58-A2C7-621BB546865F}.Debug|x86.ActiveCfg = Debug|Win32
		{524ACD5B-2A15-4B58-A2C7-621BB546865F}.Debug|x86.Build.0 = Debug|Win32
		{524ACD5B-2A15-4B58-A2C7-621BB546865F}.Release|x64.ActiveCfg = Release|x64
		{524ACD5B-2A15-4B58-A2C7-621BB546865F}.Release|x64.Build.0 = Release|x64
		{524ACD5B-2A15-4B58-A2C7-621BB546865F}.Release|x86.ActiveCfg = Release|Win32
		{524ACD5B-2A15-4B58-A2C7-621BB546865F}.Release|x86.Build.0 = Release|Win32
		{AE833F6A-DAB0-4155-9374-D5710023A461}.Debug|x64.ActiveCfg = Debug|x64
		{AE833F6A-DAB0-4155-9374-D5710023A461}.Debug|x64.Build.0 = Debug|x64
		{AE833F6A-DAB0-4155-9374-D5710023A461}.Debug|x86.ActiveCfg = Debug|Win32
		{AE833F6A-DAB0-4155-9374-D5710023A461}.Debug|x86.Build.0 = Debug|Win32
		{AE833F6A-DAB0-4155-9374-D5710023A461}.Release|x64.ActiveCfg = Release|x64
		{AE833F6A-DAB0-4155-9374-D5710023A461}.Release|x64.Build.0 = Release|x64
		{AE833F6A-DAB0-4155-9374-D5710023A461}.Release|x86.ActiveCfg = Release|Win32
		{AE833F6A-DAB0-4155-9374-D5710023A461}.Release|x86.Build.0 = Release|Win32
		{BB747F64-D1FF-4023-A588-C03A903AF0FF}.Debug|x64.ActiveCfg = Debug|x64
		{BB747F64-D1FF-4023-A588-C03A903AF0FF}.Debug|x64.Build.0 = Debug|x64
		{BB747F64-D1FF-4023-A588-C03A903AF0FF}.Debug|x86.ActiveCfg = Debug|Win32
		{BB747F64-D1FF-4023-A588-C03A903AF0FF}.Debug|x86.Build.0 = Debug|Win32
		{BB747F64-D1FF-4023-A588-C03A903AF0FF}.Release|x64.ActiveCfg = Release|x64
		{BB747F64-D1FF-4023-A588-C03A903AF0FF}.Release|x64.Build.0 = Release|x64
		{BB747F64-D1FF-4023-A588-C03A903AF0FF}.Release|x86.ActiveCfg = Release|Win32
		{BB747F64-D1FF-4023-A588-C03A903AF0FF}.Release|x86.Build.0 = Release|Win32
		{05A61EC7-4C44-4895-A25D-FF9C949DAC28}.Debug|x64.ActiveCfg = Debug|x64
		{05A61EC7-4C44-4895-A25D-FF9C949DAC28}.Debug|x64.Build.0 = Debug|x64
		{05A61EC7-4C44-4895-A25D-FF9C949DAC28}.Debug|x86.ActiveCfg = Debug|Win32
		{05A61EC7-4C44-4895-A25D-FF9C949DAC28}.Debug|x86.Build.0 = Debug|Win32
		{05A61EC7-4C44-4895-A25D-FF9C949DAC28}.Release|x64.ActiveCfg = Release|x64
		{05A61EC7-4C44-4895-A25D-FF9C949DAC28}.Release|x64.Build.0 = Release|x64
		{05A61EC7-4C44-4895-A25D-FF9C949DAC28}.Release|x86.ActiveCfg = Release|Win32
		{05A61EC7-4C44-4895-A25D-FF9C949DAC28}.Release|x86.Build.0 = Release|Win32
		{7CF8FAE5-8FFB-4CE7-90BA-42B13931F4ED}.Debug|x64.ActiveCfg = Debug|x64
		{7CF8FAE5-8FFB-4CE7-90BA-42B13931F4ED}.Debug|x64.Build.0 = Debug|x64
		{7CF8FAE5-8FFB-4CE7-90BA-42B13931F4ED}.Debug|x86.ActiveCfg = Debug|Win32
		{7CF8FAE5-8FFB-4CE7-90BA-42B13931F4ED}.Debug|x86.Build.0 = Debug|Win32
		{7CF8FAE5-8FFB-4CE7-90BA-42B13931F4ED}.Release|x64.ActiveCfg = Release|x64
		{7CF8FAE5-8FFB-4CE7-90BA-42B13931F4ED}.Release|x64.Build.0 = Release|x64
		{7CF8FAE5-8FFB-4CE7-90BA-42B13931F4ED}.Release|x86.ActiveCfg = Release|Win32
		{7CF8FAE5-8FFB-4CE7-90BA-42B13931F4ED}.Release|x86.Build.0 = Release|Win32
		{250EF3CC-B8D1-4814-8AE1-4A5AD649AF73}.Debug|x64.ActiveCfg = Debug|x64
		{250EF3CC-B8D1-4814-8AE1-4A5AD649AF73}.Debug|x64.Build.0 = Debug|x64
		{250EF3CC-B8D1-4814-8AE1-4A5AD649AF73}.Debug|x86.ActiveCfg = Debug|Win32
		{250EF3CC-B8D1-4814-8AE1-4A5AD649AF73}.Debug|x86.Build.0 = Debug|Win32
		{250EF3CC-B8D1-4814-8AE1-4A5AD649AF73}.Release|x64.ActiveCfg = Release|x64
		{250EF3CC-B8D1-4814-8AE1-4A5AD649AF73}.Release|x64.Build.0 = Release|x64
		{250EF3CC-B8D1-4814-8AE1-4A5AD649AF73}.Release|x86.ActiveCfg = Release|Win32
		{250EF3CC-B8D1-4814-8AE1-4A5AD649AF73}.Release|x86.Build.0 = Release|Win32
		{047F1162-DF2E-4DE4-A3DF-5A904BF4659B}.Debug|x64.ActiveCfg = Debug|x64
		{047F1162-DF2E-4DE4-A3DF-5A904BF4659B}.Debug|x64.Build.0 = Debug|x64
		{047F1162-DF2E-4DE4-A3DF-5A904BF4659B}.Debug|x86.ActiveCfg = Debug|Win32
		{047F1162-DF2E-4DE4-A3DF-5A904BF4659B}.Debug|x86.Build.0 = Debug|Win32
		{047F1162-DF2E-4DE4-A3DF-5A904BF4659B}.Release|x64.ActiveCfg = Release|x64
		{047F1162-DF2E-4DE4-A3DF-5A904BF4659B}.Release|x64.Build.0 = Release|x64
		{047F1162-DF2E-4DE4-A3DF-5A904BF4659B}.Release|x86.ActiveCfg = Release|Win32
		{047F1162-DF2E-4DE4-A3DF-5A904BF4659B}.Release|x86.Build.0 = Release|Win32
		{16F70716-BA22-4002-95CC-1DAFEFD6C215}.Debug|x64.ActiveCfg = Debug|x64
		{16F70716-BA22-4002-95CC-1DAFEFD6C215}.Debug|x64.Build.0 = Debug|x64
		{16F70716-BA22-4002-95CC-1DAFEFD6C215}.Debug|x86.ActiveCfg = Debug|Win32
		{16F70716-BA22-4002-95CC-1DAFEFD6C215}.Debug|x86.Build.0 = Debug|Win32
		{16F70716-BA22-4002-95CC-1DAFEFD6C215}.Release|x64.ActiveCfg = Release|x64
		{16F70716-BA22-4002-95CC-1DAFEFD6C215}.Release|x64.Build.0 = Release|x64
		{16F70716-BA22-4002-95CC-1DAFEFD6C215}.Release|x86.ActiveCfg = Release|Win32
		{16F70716-BA22-4002-95CC-1DAFEFD6C215}.Release|x86.Build.0 = Release|Win32
		{01EBD2E9-BA4F-4DA6-BD7D-6CFB05656E77}.Debug|x64.ActiveCfg = Debug|x64
		{01EBD2E9-BA4F-4DA6-BD7D-6CFB05656E77}.Debug|x64.Build.0 = Debug|x64
		{01EBD2E9-BA4F-4DA6-BD7D-6CFB05656E77}.Debug|x86.ActiveCfg = Debug|Win32
		{01EBD2E9-BA4F-4DA6-BD7D-6CFB05656E77}.Debug|x86.Build.0 = Debug|Win32
		{01EBD2E9-BA4F-4DA6-BD7D-6CFB05656E77}.Release|x64.ActiveCfg = Release|x64
		{01EBD2E9-BA4F-4DA6-BD7D-6CFB05656E77}.Release|x64.Build.0 = Release|x64
		{01EBD2E9-BA4F-4DA6-BD7D-6CFB05656E77}.Release|x86.ActiveCfg = Release|Win32
		{01EBD2E9-BA4F-4DA6-BD7D-6CFB05656E77}.Release|x86.Build.0 = Release|Win32
		{B6F0DD41-3BC3-4195-BE1C-D3B0676927E1}.Debug|x64.ActiveCfg = Debug|x64
		{B6F0DD41-3BC3-4195-BE1C-D3B0676927E1}.Debug|x64.Build.0 = Debug|x64
		{B6F0DD41-3BC3-4195-BE1C-D3B0676927E1}.Debug|x86.ActiveCfg = Debug|Win32
		{B6F0DD41-3BC3-4195-BE1C-D3B0676927E1}.Debug|x86.Build.0 = Debug|Win32
		{B6F0DD41-3BC3-4195-BE1C-D3B0676927E1}.Release|x64.ActiveCfg = Release|x64
		{B6F0DD41-3BC3-4195-BE1C-D3B0676927E1}.Release|x64.Build.0 = Release|x64
		{B6F0DD41-3BC3-4195-BE1C-D3B0676927E1}.Release|x86.ActiveCfg = Release|Win32
		{B6F0DD41-3BC3-4195-BE1C-D3B0676927E1}.Release|x86.Build.0 = Release|Win32
	EndGlobalSection
	GlobalSection(SolutionProperties) = preSolution
		HideSolutionNode = FALSE
	EndGlobalSection
	GlobalSection(ExtensibilityGlobals) = postSolution
		SolutionGuid = {03D017DA-220B-45B1-A7FD-342A1562B553}
	EndGlobalSection
EndGlobal
