
Microsoft Visual Studio Solution File, Format Version 12.00
# Visual Studio Version 17
VisualStudioVersion = 17.12.35707.178
MinimumVisualStudioVersion = 10.0.40219.1
Project("{8BC9CEB8-8B4A-11D0-8D11-00A0C91BC942}") = "test1", "tests\test1\test1.vcxproj", "{239F659B-1E3B-49F1-B1B7-6713D4481F50}"
EndProject
Project("{8BC9CEB8-8B4A-11D0-8D11-00A0C91BC942}") = "organelles", "biology\organelles\organelles.vcxproj", "{627B77B9-319E-4BBD-B6A4-12C710D64840}"
EndProject
Project("{8BC9CEB8-8B4A-11D0-8D11-00A0C91BC942}") = "vectors", "geometry\vectors\math.vcxproj", "{7C9F50A8-B47C-4FB7-AF84-5822C3888B07}"
EndProject
Project("{8BC9CEB8-8B4A-11D0-8D11-00A0C91BC942}") = "log", "utils\log\Log.vcxproj", "{E08B404E-79FE-4F0B-A796-A961900CD558}"
EndProject
Project("{8BC9CEB8-8B4A-11D0-8D11-00A0C91BC942}") = "fileUtils", "utils\fileUtils\fileUtils.vcxproj", "{EF803333-416C-48C8-8C52-623815AF1682}"
EndProject
Project("{8BC9CEB8-8B4A-11D0-8D11-00A0C91BC942}") = "timeUtils", "utils\timeUtils\timeUtils.vcxproj", "{524ACD5B-2A15-4B58-A2C7-621BB546865F}"
EndProject
Project("{8BC9CEB8-8B4A-11D0-8D11-00A0C91BC942}") = "worm", "organisms\worm\worm.vcxproj", "{AE833F6A-DAB0-4155-9374-D5710023A461}"
EndProject
Project("{8BC9CEB8-8B4A-11D0-8D11-00A0C91BC942}") = "csvFile", "utils\csvFile\CSVFile.vcxproj", "{BB747F64-D1FF-4023-A588-C03A903AF0FF}"
EndProject
Project("{8BC9CEB8-8B4A-11D0-8D11-00A0C91BC942}") = "tensionSphere", "physics\tensionSphere\TensionSphere.vcxproj", "{7CF8FAE5-8FFB-4CE7-90BA-42B13931F4ED}"
EndProject
Project("{8BC9CEB8-8B4A-11D0-8D11-00A0C91BC942}") = "gpu", "visualization\gpu\visualization.vcxproj", "{250EF3CC-B8D1-4814-8AE1-4A5AD649AF73}"
EndProject
Project("{8BC9CEB8-8B4A-11D0-8D11-00A0C91BC942}") = "mesh", "geometry\mesh\mesh.vcxproj", "{047F1162-DF2E-4DE4-A3DF-5A904BF4659B}"
EndProject
Project("{8BC9CEB8-8B4A-11D0-8D11-00A0C91BC942}") = "helpers", "visualization\helpers\visHelpers.vcxproj", "{16F70716-BA22-4002-95CC-1DAFEFD6C215}"
EndProject
Project("{8BC9CEB8-8B4A-11D0-8D11-00A0C91BC942}") = "molecules", "chemistry\molecules\molecules.vcxproj", "{01EBD2E9-BA4F-4DA6-BD7D-6CFB05656E77}"
EndProject
Project("{8BC9CEB8-8B4A-11D0-8D11-00A0C91BC942}") = "sobol", "external\rngSobol\rngSobol.vcxproj", "{B6F0DD41-3BC3-4195-BE1C-D3B0676927E1}"
EndProject
Project("{2150E333-8FDC-42A3-9474-1A3956D46DE8}") = "utils", "utils", "{02EA681E-C7D8-13C7-8484-4AC65E1B71E8}"
EndProject
Project("{2150E333-8FDC-42A3-9474-1A3956D46DE8}") = "geometry", "geometry", "{EF6A94C3-FE58-43D0-8057-3FFA6D90EB6E}"
EndProject
Project("{2150E333-8FDC-42A3-9474-1A3956D46DE8}") = "rng", "rng", "{6374D11D-138F-43FA-A2BB-81A9A0067195}"
EndProject
Project("{2150E333-8FDC-42A3-9474-1A3956D46DE8}") = "visualization", "visualization", "{3EDC5281-470C-457A-8246-8AD7ADF9BBDE}"
EndProject
Project("{2150E333-8FDC-42A3-9474-1A3956D46DE8}") = "organisms", "organisms", "{988C4D4F-075C-415D-B2F3-5C9F498FD288}"
EndProject
Project("{2150E333-8FDC-42A3-9474-1A3956D46DE8}") = "tests", "tests", "{AE13D3A4-E1F5-41AC-AC47-DC49101E6AB3}"
EndProject
Project("{2150E333-8FDC-42A3-9474-1A3956D46DE8}") = "physics", "physics", "{4DA7D75F-786A-42E7-B600-FD6F34A5566E}"
EndProject
Project("{8BC9CEB8-8B4A-11D0-8D11-00A0C91BC942}") = "BVH", "geometry\BVH\BVH.vcxproj", "{D4BF6A4F-AC08-4A25-BD7D-013551EE1C19}"
EndProject
Project("{2150E333-8FDC-42A3-9474-1A3956D46DE8}") = "biology", "biology", "{F4341C4E-42D4-455A-8CAA-56E5E3F78716}"
EndProject
Project("{8BC9CEB8-8B4A-11D0-8D11-00A0C91BC942}") = "simulation", "biology\simulation\simulation.vcxproj", "{27B8E515-3AC4-4A7E-95BA-08D6692397B4}"
EndProject
Project("{8BC9CEB8-8B4A-11D0-8D11-00A0C91BC942}") = "geomHelpers", "geometry\geomHelpers\geomHelpers.vcxproj", "{DCD230D7-B87B-4568-9A41-6140EDAF7568}"
EndProject
Project("{8BC9CEB8-8B4A-11D0-8D11-00A0C91BC942}") = "dataCollector", "biology\dataCollector\DataCollector.vcxproj", "{05A61EC7-4C44-4895-A25D-FF9C949DAC28}"
EndProject
Project("{2150E333-8FDC-42A3-9474-1A3956D46DE8}") = "chemistry", "chemistry", "{0C2BD8C9-0521-411E-BA5D-5D8245206ED4}"
EndProject
Project("{8BC9CEB8-8B4A-11D0-8D11-00A0C91BC942}") = "interactions", "chemistry\interactions\interactions.vcxproj", "{01EBD2E9-BA4F-4DA6-BD8D-6CFB05656E77}"
EndProject
Project("{8BC9CEB8-8B4A-11D0-8D11-00A0C91BC942}") = "genes", "chemistry\Genes\Genes.vcxproj", "{E26D41A3-A6D4-4B04-8CC9-6B38E4D3FA29}"
EndProject
Project("{8BC9CEB8-8B4A-11D0-8D11-00A0C91BC942}") = "HttpClient", "utils\HttpClient\HttpClient.vcxproj", "{0C022536-FC01-43C4-B8A3-DA0523616FC7}"
EndProject
Global
	GlobalSection(SolutionConfigurationPlatforms) = preSolution
		Debug|x64 = Debug|x64
		Debug|x86 = Debug|x86
		Release|x64 = Release|x64
		Release|x86 = Release|x86
	EndGlobalSection
	GlobalSection(ProjectConfigurationPlatforms) = postSolution
		{239F659B-1E3B-49F1-B1B7-6713D4481F50}.Debug|x64.ActiveCfg = Debug|x64
		{239F659B-1E3B-49F1-B1B7-6713D4481F50}.Debug|x64.Build.0 = Debug|x64
		{239F659B-1E3B-49F1-B1B7-6713D4481F50}.Debug|x86.ActiveCfg = Debug|Win32
		{239F659B-1E3B-49F1-B1B7-6713D4481F50}.Debug|x86.Build.0 = Debug|Win32
		{239F659B-1E3B-49F1-B1B7-6713D4481F50}.Release|x64.ActiveCfg = Release|x64
		{239F659B-1E3B-49F1-B1B7-6713D4481F50}.Release|x64.Build.0 = Release|x64
		{239F659B-1E3B-49F1-B1B7-6713D4481F50}.Release|x86.ActiveCfg = Release|Win32
		{239F659B-1E3B-49F1-B1B7-6713D4481F50}.Release|x86.Build.0 = Release|Win32
		{627B77B9-319E-4BBD-B6A4-12C710D64840}.Debug|x64.ActiveCfg = Debug|x64
		{627B77B9-319E-4BBD-B6A4-12C710D64840}.Debug|x64.Build.0 = Debug|x64
		{627B77B9-319E-4BBD-B6A4-12C710D64840}.Debug|x86.ActiveCfg = Debug|Win32
		{627B77B9-319E-4BBD-B6A4-12C710D64840}.Debug|x86.Build.0 = Debug|Win32
		{627B77B9-319E-4BBD-B6A4-12C710D64840}.Release|x64.ActiveCfg = Release|x64
		{627B77B9-319E-4BBD-B6A4-12C710D64840}.Release|x64.Build.0 = Release|x64
		{627B77B9-319E-4BBD-B6A4-12C710D64840}.Release|x86.ActiveCfg = Release|Win32
		{627B77B9-319E-4BBD-B6A4-12C710D64840}.Release|x86.Build.0 = Release|Win32
		{7C9F50A8-B47C-4FB7-AF84-5822C3888B07}.Debug|x64.ActiveCfg = Debug|x64
		{7C9F50A8-B47C-4FB7-AF84-5822C3888B07}.Debug|x64.Build.0 = Debug|x64
		{7C9F50A8-B47C-4FB7-AF84-5822C3888B07}.Debug|x86.ActiveCfg = Debug|Win32
		{7C9F50A8-B47C-4FB7-AF84-5822C3888B07}.Debug|x86.Build.0 = Debug|Win32
		{7C9F50A8-B47C-4FB7-AF84-5822C3888B07}.Release|x64.ActiveCfg = Release|x64
		{7C9F50A8-B47C-4FB7-AF84-5822C3888B07}.Release|x64.Build.0 = Release|x64
		{7C9F50A8-B47C-4FB7-AF84-5822C3888B07}.Release|x86.ActiveCfg = Release|Win32
		{7C9F50A8-B47C-4FB7-AF84-5822C3888B07}.Release|x86.Build.0 = Release|Win32
		{E08B404E-79FE-4F0B-A796-A961900CD558}.Debug|x64.ActiveCfg = Debug|x64
		{E08B404E-79FE-4F0B-A796-A961900CD558}.Debug|x64.Build.0 = Debug|x64
		{E08B404E-79FE-4F0B-A796-A961900CD558}.Debug|x86.ActiveCfg = Debug|Win32
		{E08B404E-79FE-4F0B-A796-A961900CD558}.Debug|x86.Build.0 = Debug|Win32
		{E08B404E-79FE-4F0B-A796-A961900CD558}.Release|x64.ActiveCfg = Release|x64
		{E08B404E-79FE-4F0B-A796-A961900CD558}.Release|x64.Build.0 = Release|x64
		{E08B404E-79FE-4F0B-A796-A961900CD558}.Release|x86.ActiveCfg = Release|Win32
		{E08B404E-79FE-4F0B-A796-A961900CD558}.Release|x86.Build.0 = Release|Win32
		{EF803333-416C-48C8-8C52-623815AF1682}.Debug|x64.ActiveCfg = Debug|x64
		{EF803333-416C-48C8-8C52-623815AF1682}.Debug|x64.Build.0 = Debug|x64
		{EF803333-416C-48C8-8C52-623815AF1682}.Debug|x86.ActiveCfg = Debug|Win32
		{EF803333-416C-48C8-8C52-623815AF1682}.Debug|x86.Build.0 = Debug|Win32
		{EF803333-416C-48C8-8C52-623815AF1682}.Release|x64.ActiveCfg = Release|x64
		{EF803333-416C-48C8-8C52-623815AF1682}.Release|x64.Build.0 = Release|x64
		{EF803333-416C-48C8-8C52-623815AF1682}.Release|x86.ActiveCfg = Release|Win32
		{EF803333-416C-48C8-8C52-623815AF1682}.Release|x86.Build.0 = Release|Win32
		{524ACD5B-2A15-4B58-A2C7-621BB546865F}.Debug|x64.ActiveCfg = Debug|x64
		{524ACD5B-2A15-4B58-A2C7-621BB546865F}.Debug|x64.Build.0 = Debug|x64
		{524ACD5B-2A15-4B58-A2C7-621BB546865F}.Debug|x86.ActiveCfg = Debug|Win32
		{524ACD5B-2A15-4B58-A2C7-621BB546865F}.Debug|x86.Build.0 = Debug|Win32
		{524ACD5B-2A15-4B58-A2C7-621BB546865F}.Release|x64.ActiveCfg = Release|x64
		{524ACD5B-2A15-4B58-A2C7-621BB546865F}.Release|x64.Build.0 = Release|x64
		{524ACD5B-2A15-4B58-A2C7-621BB546865F}.Release|x86.ActiveCfg = Release|Win32
		{524ACD5B-2A15-4B58-A2C7-621BB546865F}.Release|x86.Build.0 = Release|Win32
		{AE833F6A-DAB0-4155-9374-D5710023A461}.Debug|x64.ActiveCfg = Debug|x64
		{AE833F6A-DAB0-4155-9374-D5710023A461}.Debug|x64.Build.0 = Debug|x64
		{AE833F6A-DAB0-4155-9374-D5710023A461}.Debug|x86.ActiveCfg = Debug|Win32
		{AE833F6A-DAB0-4155-9374-D5710023A461}.Debug|x86.Build.0 = Debug|Win32
		{AE833F6A-DAB0-4155-9374-D5710023A461}.Release|x64.ActiveCfg = Release|x64
		{AE833F6A-DAB0-4155-9374-D5710023A461}.Release|x64.Build.0 = Release|x64
		{AE833F6A-DAB0-4155-9374-D5710023A461}.Release|x86.ActiveCfg = Release|Win32
		{AE833F6A-DAB0-4155-9374-D5710023A461}.Release|x86.Build.0 = Release|Win32
		{BB747F64-D1FF-4023-A588-C03A903AF0FF}.Debug|x64.ActiveCfg = Debug|x64
		{BB747F64-D1FF-4023-A588-C03A903AF0FF}.Debug|x64.Build.0 = Debug|x64
		{BB747F64-D1FF-4023-A588-C03A903AF0FF}.Debug|x86.ActiveCfg = Debug|Win32
		{BB747F64-D1FF-4023-A588-C03A903AF0FF}.Debug|x86.Build.0 = Debug|Win32
		{BB747F64-D1FF-4023-A588-C03A903AF0FF}.Release|x64.ActiveCfg = Release|x64
		{BB747F64-D1FF-4023-A588-C03A903AF0FF}.Release|x64.Build.0 = Release|x64
		{BB747F64-D1FF-4023-A588-C03A903AF0FF}.Release|x86.ActiveCfg = Release|Win32
		{BB747F64-D1FF-4023-A588-C03A903AF0FF}.Release|x86.Build.0 = Release|Win32
		{7CF8FAE5-8FFB-4CE7-90BA-42B13931F4ED}.Debug|x64.ActiveCfg = Debug|x64
		{7CF8FAE5-8FFB-4CE7-90BA-42B13931F4ED}.Debug|x64.Build.0 = Debug|x64
		{7CF8FAE5-8FFB-4CE7-90BA-42B13931F4ED}.Debug|x86.ActiveCfg = Debug|Win32
		{7CF8FAE5-8FFB-4CE7-90BA-42B13931F4ED}.Debug|x86.Build.0 = Debug|Win32
		{7CF8FAE5-8FFB-4CE7-90BA-42B13931F4ED}.Release|x64.ActiveCfg = Release|x64
		{7CF8FAE5-8FFB-4CE7-90BA-42B13931F4ED}.Release|x64.Build.0 = Release|x64
		{7CF8FAE5-8FFB-4CE7-90BA-42B13931F4ED}.Release|x86.ActiveCfg = Release|Win32
		{7CF8FAE5-8FFB-4CE7-90BA-42B13931F4ED}.Release|x86.Build.0 = Release|Win32
		{250EF3CC-B8D1-4814-8AE1-4A5AD649AF73}.Debug|x64.ActiveCfg = Debug|x64
		{250EF3CC-B8D1-4814-8AE1-4A5AD649AF73}.Debug|x64.Build.0 = Debug|x64
		{250EF3CC-B8D1-4814-8AE1-4A5AD649AF73}.Debug|x86.ActiveCfg = Debug|Win32
		{250EF3CC-B8D1-4814-8AE1-4A5AD649AF73}.Debug|x86.Build.0 = Debug|Win32
		{250EF3CC-B8D1-4814-8AE1-4A5AD649AF73}.Release|x64.ActiveCfg = Release|x64
		{250EF3CC-B8D1-4814-8AE1-4A5AD649AF73}.Release|x64.Build.0 = Release|x64
		{250EF3CC-B8D1-4814-8AE1-4A5AD649AF73}.Release|x86.ActiveCfg = Release|Win32
		{250EF3CC-B8D1-4814-8AE1-4A5AD649AF73}.Release|x86.Build.0 = Release|Win32
		{047F1162-DF2E-4DE4-A3DF-5A904BF4659B}.Debug|x64.ActiveCfg = Debug|x64
		{047F1162-DF2E-4DE4-A3DF-5A904BF4659B}.Debug|x64.Build.0 = Debug|x64
		{047F1162-DF2E-4DE4-A3DF-5A904BF4659B}.Debug|x86.ActiveCfg = Debug|Win32
		{047F1162-DF2E-4DE4-A3DF-5A904BF4659B}.Debug|x86.Build.0 = Debug|Win32
		{047F1162-DF2E-4DE4-A3DF-5A904BF4659B}.Release|x64.ActiveCfg = Release|x64
		{047F1162-DF2E-4DE4-A3DF-5A904BF4659B}.Release|x64.Build.0 = Release|x64
		{047F1162-DF2E-4DE4-A3DF-5A904BF4659B}.Release|x86.ActiveCfg = Release|Win32
		{047F1162-DF2E-4DE4-A3DF-5A904BF4659B}.Release|x86.Build.0 = Release|Win32
		{16F70716-BA22-4002-95CC-1DAFEFD6C215}.Debug|x64.ActiveCfg = Debug|x64
		{16F70716-BA22-4002-95CC-1DAFEFD6C215}.Debug|x64.Build.0 = Debug|x64
		{16F70716-BA22-4002-95CC-1DAFEFD6C215}.Debug|x86.ActiveCfg = Debug|Win32
		{16F70716-BA22-4002-95CC-1DAFEFD6C215}.Debug|x86.Build.0 = Debug|Win32
		{16F70716-BA22-4002-95CC-1DAFEFD6C215}.Release|x64.ActiveCfg = Release|x64
		{16F70716-BA22-4002-95CC-1DAFEFD6C215}.Release|x64.Build.0 = Release|x64
		{16F70716-BA22-4002-95CC-1DAFEFD6C215}.Release|x86.ActiveCfg = Release|Win32
		{16F70716-BA22-4002-95CC-1DAFEFD6C215}.Release|x86.Build.0 = Release|Win32
		{01EBD2E9-BA4F-4DA6-BD7D-6CFB05656E77}.Debug|x64.ActiveCfg = Debug|x64
		{01EBD2E9-BA4F-4DA6-BD7D-6CFB05656E77}.Debug|x64.Build.0 = Debug|x64
		{01EBD2E9-BA4F-4DA6-BD7D-6CFB05656E77}.Debug|x86.ActiveCfg = Debug|Win32
		{01EBD2E9-BA4F-4DA6-BD7D-6CFB05656E77}.Debug|x86.Build.0 = Debug|Win32
		{01EBD2E9-BA4F-4DA6-BD7D-6CFB05656E77}.Release|x64.ActiveCfg = Release|x64
		{01EBD2E9-BA4F-4DA6-BD7D-6CFB05656E77}.Release|x64.Build.0 = Release|x64
		{01EBD2E9-BA4F-4DA6-BD7D-6CFB05656E77}.Release|x86.ActiveCfg = Release|Win32
		{01EBD2E9-BA4F-4DA6-BD7D-6CFB05656E77}.Release|x86.Build.0 = Release|Win32
		{B6F0DD41-3BC3-4195-BE1C-D3B0676927E1}.Debug|x64.ActiveCfg = Debug|x64
		{B6F0DD41-3BC3-4195-BE1C-D3B0676927E1}.Debug|x64.Build.0 = Debug|x64
		{B6F0DD41-3BC3-4195-BE1C-D3B0676927E1}.Debug|x86.ActiveCfg = Debug|Win32
		{B6F0DD41-3BC3-4195-BE1C-D3B0676927E1}.Debug|x86.Build.0 = Debug|Win32
		{B6F0DD41-3BC3-4195-BE1C-D3B0676927E1}.Release|x64.ActiveCfg = Release|x64
		{B6F0DD41-3BC3-4195-BE1C-D3B0676927E1}.Release|x64.Build.0 = Release|x64
		{B6F0DD41-3BC3-4195-BE1C-D3B0676927E1}.Release|x86.ActiveCfg = Release|Win32
		{B6F0DD41-3BC3-4195-BE1C-D3B0676927E1}.Release|x86.Build.0 = Release|Win32
		{D4BF6A4F-AC08-4A25-BD7D-013551EE1C19}.Debug|x64.ActiveCfg = Debug|x64
		{D4BF6A4F-AC08-4A25-BD7D-013551EE1C19}.Debug|x64.Build.0 = Debug|x64
		{D4BF6A4F-AC08-4A25-BD7D-013551EE1C19}.Debug|x86.ActiveCfg = Debug|Win32
		{D4BF6A4F-AC08-4A25-BD7D-013551EE1C19}.Debug|x86.Build.0 = Debug|Win32
		{D4BF6A4F-AC08-4A25-BD7D-013551EE1C19}.Release|x64.ActiveCfg = Release|x64
		{D4BF6A4F-AC08-4A25-BD7D-013551EE1C19}.Release|x64.Build.0 = Release|x64
		{D4BF6A4F-AC08-4A25-BD7D-013551EE1C19}.Release|x86.ActiveCfg = Release|Win32
		{D4BF6A4F-AC08-4A25-BD7D-013551EE1C19}.Release|x86.Build.0 = Release|Win32
		{27B8E515-3AC4-4A7E-95BA-08D6692397B4}.Debug|x64.ActiveCfg = Debug|x64
		{27B8E515-3AC4-4A7E-95BA-08D6692397B4}.Debug|x64.Build.0 = Debug|x64
		{27B8E515-3AC4-4A7E-95BA-08D6692397B4}.Debug|x86.ActiveCfg = Debug|Win32
		{27B8E515-3AC4-4A7E-95BA-08D6692397B4}.Debug|x86.Build.0 = Debug|Win32
		{27B8E515-3AC4-4A7E-95BA-08D6692397B4}.Release|x64.ActiveCfg = Release|x64
		{27B8E515-3AC4-4A7E-95BA-08D6692397B4}.Release|x64.Build.0 = Release|x64
		{27B8E515-3AC4-4A7E-95BA-08D6692397B4}.Release|x86.ActiveCfg = Release|Win32
		{27B8E515-3AC4-4A7E-95BA-08D6692397B4}.Release|x86.Build.0 = Release|Win32
		{DCD230D7-B87B-4568-9A41-6140EDAF7568}.Debug|x64.ActiveCfg = Debug|x64
		{DCD230D7-B87B-4568-9A41-6140EDAF7568}.Debug|x64.Build.0 = Debug|x64
		{DCD230D7-B87B-4568-9A41-6140EDAF7568}.Debug|x86.ActiveCfg = Debug|Win32
		{DCD230D7-B87B-4568-9A41-6140EDAF7568}.Debug|x86.Build.0 = Debug|Win32
		{DCD230D7-B87B-4568-9A41-6140EDAF7568}.Release|x64.ActiveCfg = Release|x64
		{DCD230D7-B87B-4568-9A41-6140EDAF7568}.Release|x64.Build.0 = Release|x64
		{DCD230D7-B87B-4568-9A41-6140EDAF7568}.Release|x86.ActiveCfg = Release|Win32
		{DCD230D7-B87B-4568-9A41-6140EDAF7568}.Release|x86.Build.0 = Release|Win32
		{05A61EC7-4C44-4895-A25D-FF9C949DAC28}.Debug|x64.ActiveCfg = Debug|x64
		{05A61EC7-4C44-4895-A25D-FF9C949DAC28}.Debug|x64.Build.0 = Debug|x64
		{05A61EC7-4C44-4895-A25D-FF9C949DAC28}.Debug|x86.ActiveCfg = Debug|Win32
		{05A61EC7-4C44-4895-A25D-FF9C949DAC28}.Debug|x86.Build.0 = Debug|Win32
		{05A61EC7-4C44-4895-A25D-FF9C949DAC28}.Release|x64.ActiveCfg = Release|x64
		{05A61EC7-4C44-4895-A25D-FF9C949DAC28}.Release|x64.Build.0 = Release|x64
		{05A61EC7-4C44-4895-A25D-FF9C949DAC28}.Release|x86.ActiveCfg = Release|Win32
		{05A61EC7-4C44-4895-A25D-FF9C949DAC28}.Release|x86.Build.0 = Release|Win32
		{01EBD2E9-BA4F-4DA6-BD8D-6CFB05656E77}.Debug|x64.ActiveCfg = Debug|x64
		{01EBD2E9-BA4F-4DA6-BD8D-6CFB05656E77}.Debug|x64.Build.0 = Debug|x64
		{01EBD2E9-BA4F-4DA6-BD8D-6CFB05656E77}.Debug|x86.ActiveCfg = Debug|Win32
		{01EBD2E9-BA4F-4DA6-BD8D-6CFB05656E77}.Debug|x86.Build.0 = Debug|Win32
		{01EBD2E9-BA4F-4DA6-BD8D-6CFB05656E77}.Release|x64.ActiveCfg = Release|x64
		{01EBD2E9-BA4F-4DA6-BD8D-6CFB05656E77}.Release|x64.Build.0 = Release|x64
		{01EBD2E9-BA4F-4DA6-BD8D-6CFB05656E77}.Release|x86.ActiveCfg = Release|Win32
		{01EBD2E9-BA4F-4DA6-BD8D-6CFB05656E77}.Release|x86.Build.0 = Release|Win32
		{E26D41A3-A6D4-4B04-8CC9-6B38E4D3FA29}.Debug|x64.ActiveCfg = Debug|x64
		{E26D41A3-A6D4-4B04-8CC9-6B38E4D3FA29}.Debug|x64.Build.0 = Debug|x64
		{E26D41A3-A6D4-4B04-8CC9-6B38E4D3FA29}.Debug|x86.ActiveCfg = Debug|Win32
		{E26D41A3-A6D4-4B04-8CC9-6B38E4D3FA29}.Debug|x86.Build.0 = Debug|Win32
		{E26D41A3-A6D4-4B04-8CC9-6B38E4D3FA29}.Release|x64.ActiveCfg = Release|x64
		{E26D41A3-A6D4-4B04-8CC9-6B38E4D3FA29}.Release|x64.Build.0 = Release|x64
		{E26D41A3-A6D4-4B04-8CC9-6B38E4D3FA29}.Release|x86.ActiveCfg = Release|Win32
		{E26D41A3-A6D4-4B04-8CC9-6B38E4D3FA29}.Release|x86.Build.0 = Release|Win32
		{0C022536-FC01-43C4-B8A3-DA0523616FC7}.Debug|x64.ActiveCfg = Debug|x64
		{0C022536-FC01-43C4-B8A3-DA0523616FC7}.Debug|x64.Build.0 = Debug|x64
		{0C022536-FC01-43C4-B8A3-DA0523616FC7}.Debug|x86.ActiveCfg = Debug|Win32
		{0C022536-FC01-43C4-B8A3-DA0523616FC7}.Debug|x86.Build.0 = Debug|Win32
		{0C022536-FC01-43C4-B8A3-DA0523616FC7}.Release|x64.ActiveCfg = Release|x64
		{0C022536-FC01-43C4-B8A3-DA0523616FC7}.Release|x64.Build.0 = Release|x64
		{0C022536-FC01-43C4-B8A3-DA0523616FC7}.Release|x86.ActiveCfg = Release|Win32
		{0C022536-FC01-43C4-B8A3-DA0523616FC7}.Release|x86.Build.0 = Release|Win32
	EndGlobalSection
	GlobalSection(SolutionProperties) = preSolution
		HideSolutionNode = FALSE
	EndGlobalSection
	GlobalSection(NestedProjects) = preSolution
		{239F659B-1E3B-49F1-B1B7-6713D4481F50} = {AE13D3A4-E1F5-41AC-AC47-DC49101E6AB3}
		{627B77B9-319E-4BBD-B6A4-12C710D64840} = {F4341C4E-42D4-455A-8CAA-56E5E3F78716}
		{7C9F50A8-B47C-4FB7-AF84-5822C3888B07} = {EF6A94C3-FE58-43D0-8057-3FFA6D90EB6E}
		{E08B404E-79FE-4F0B-A796-A961900CD558} = {02EA681E-C7D8-13C7-8484-4AC65E1B71E8}
		{EF803333-416C-48C8-8C52-623815AF1682} = {02EA681E-C7D8-13C7-8484-4AC65E1B71E8}
		{524ACD5B-2A15-4B58-A2C7-621BB546865F} = {02EA681E-C7D8-13C7-8484-4AC65E1B71E8}
		{AE833F6A-DAB0-4155-9374-D5710023A461} = {988C4D4F-075C-415D-B2F3-5C9F498FD288}
		{BB747F64-D1FF-4023-A588-C03A903AF0FF} = {02EA681E-C7D8-13C7-8484-4AC65E1B71E8}
		{7CF8FAE5-8FFB-4CE7-90BA-42B13931F4ED} = {4DA7D75F-786A-42E7-B600-FD6F34A5566E}
		{250EF3CC-B8D1-4814-8AE1-4A5AD649AF73} = {3EDC5281-470C-457A-8246-8AD7ADF9BBDE}
		{047F1162-DF2E-4DE4-A3DF-5A904BF4659B} = {EF6A94C3-FE58-43D0-8057-3FFA6D90EB6E}
		{16F70716-BA22-4002-95CC-1DAFEFD6C215} = {3EDC5281-470C-457A-8246-8AD7ADF9BBDE}
		{01EBD2E9-BA4F-4DA6-BD7D-6CFB05656E77} = {0C2BD8C9-0521-411E-BA5D-5D8245206ED4}
		{B6F0DD41-3BC3-4195-BE1C-D3B0676927E1} = {6374D11D-138F-43FA-A2BB-81A9A0067195}
		{D4BF6A4F-AC08-4A25-BD7D-013551EE1C19} = {EF6A94C3-FE58-43D0-8057-3FFA6D90EB6E}
		{27B8E515-3AC4-4A7E-95BA-08D6692397B4} = {F4341C4E-42D4-455A-8CAA-56E5E3F78716}
		{DCD230D7-B87B-4568-9A41-6140EDAF7568} = {EF6A94C3-FE58-43D0-8057-3FFA6D90EB6E}
		{05A61EC7-4C44-4895-A25D-FF9C949DAC28} = {F4341C4E-42D4-455A-8CAA-56E5E3F78716}
		{01EBD2E9-BA4F-4DA6-BD8D-6CFB05656E77} = {0C2BD8C9-0521-411E-BA5D-5D8245206ED4}
		{E26D41A3-A6D4-4B04-8CC9-6B38E4D3FA29} = {0C2BD8C9-0521-411E-BA5D-5D8245206ED4}
		{0C022536-FC01-43C4-B8A3-DA0523616FC7} = {02EA681E-C7D8-13C7-8484-4AC65E1B71E8}
	EndGlobalSection
	GlobalSection(ExtensibilityGlobals) = postSolution
		SolutionGuid = {03D017DA-220B-45B1-A7FD-342A1562B553}
	EndGlobalSection
EndGlobal
